
Microsoft Visual Studio Solution File, Format Version 12.00
Project("{FAE04EC0-301F-11D3-BF4B-00C04F79EFBC}") = "PromiseGroupRecruitmentTask", "PromiseGroupRecruitmentTask\PromiseGroupRecruitmentTask.csproj", "{64DA2B84-48FA-4F23-8800-F9E97C384DCD}"
EndProject
Project("{FAE04EC0-301F-11D3-BF4B-00C04F79EFBC}") = "PromiseGroupRecruitmentTask.Tests", "PromiseGroupRecruitmentTask.Tests\PromiseGroupRecruitmentTask.Tests.csproj", "{F6FAF532-E5DB-4DB8-80C5-98DA4A000B32}"
EndProject
Global
	GlobalSection(SolutionConfigurationPlatforms) = preSolution
		Debug|Any CPU = Debug|Any CPU
		Release|Any CPU = Release|Any CPU
	EndGlobalSection
	GlobalSection(ProjectConfigurationPlatforms) = postSolution
		{64DA2B84-48FA-4F23-8800-F9E97C384DCD}.Debug|Any CPU.ActiveCfg = Debug|Any CPU
		{64DA2B84-48FA-4F23-8800-F9E97C384DCD}.Debug|Any CPU.Build.0 = Debug|Any CPU
		{64DA2B84-48FA-4F23-8800-F9E97C384DCD}.Release|Any CPU.ActiveCfg = Release|Any CPU
		{64DA2B84-48FA-4F23-8800-F9E97C384DCD}.Release|Any CPU.Build.0 = Release|Any CPU
		{F6FAF532-E5DB-4DB8-80C5-98DA4A000B32}.Debug|Any CPU.ActiveCfg = Debug|Any CPU
		{F6FAF532-E5DB-4DB8-80C5-98DA4A000B32}.Debug|Any CPU.Build.0 = Debug|Any CPU
		{F6FAF532-E5DB-4DB8-80C5-98DA4A000B32}.Release|Any CPU.ActiveCfg = Release|Any CPU
		{F6FAF532-E5DB-4DB8-80C5-98DA4A000B32}.Release|Any CPU.Build.0 = Release|Any CPU
	EndGlobalSection
EndGlobal
